{
  "name": "png-to-glb-utility",
  "version": "1.0.0",
  "lockfileVersion": 1,
  "requires": true,
  "dependencies": {
    "gltf-js-utils": {
      "version": "6.0.0",
      "resolved": "https://registry.npmjs.org/gltf-js-utils/-/gltf-js-utils-6.0.0.tgz",
      "integrity": "sha512-QTAk4tVXAt9ZtfEbW6zv66Cd5YXXXUzxC8XM0J3r3Dlk9AGFJ3J6XU+1+ThnHdlu6sCcohEhb7qR35SFxwcZeQ=="
    }
  }
}
